version = 1
revision = 3
requires-python = "==3.14.*"

[[package]]
name = "arguably"
version = "1.3.0"
source = { registry = "https://pypi.org/simple" }
dependencies = [
    { name = "docstring-parser" },
]
sdist = { url = "https://files.pythonhosted.org/packages/60/31/07742bc3576d4ec726d1308b11a1405391fa61836c4aa242c15b5f59957c/arguably-1.3.0.tar.gz", hash = "sha256:9261e49d0281600e9eac3fb2e31d2022dc0d002b6370461d787b20690eb2a98d", size = 30710, upload-time = "2024-05-10T01:08:32.821Z" }
wheels = [
    { url = "https://files.pythonhosted.org/packages/51/2e/077d556ed44e6890979db56dcfbcd192cbbb322e6cfdf1c7fbb8c912ac4e/arguably-1.3.0-py3-none-any.whl", hash = "sha256:c6ca4f9ed053d159d3882196daec4f562dc1912d1370a8bdf3ee977b57ca9b6c", size = 35292, upload-time = "2024-05-10T01:08:30.926Z" },
]

[[package]]
name = "colored"
version = "2.3.1"
source = { registry = "https://pypi.org/simple" }
sdist = { url = "https://files.pythonhosted.org/packages/4a/32/b772def12071faf780dd14e8a95ec8eba4bf5934f302de3a3780b919859a/colored-2.3.1.tar.gz", hash = "sha256:fe6e888e12dc16643daa0b108f785df6d0b48420084b5d0a567de27bb09a14d8", size = 16046, upload-time = "2025-07-31T08:40:05.38Z" }
wheels = [
    { url = "https://files.pythonhosted.org/packages/e4/33/58702880fe6bb3ed91cb21e1c92b002f9b73e32c0c5e3e9e2c0a94eaac61/colored-2.3.1-py3-none-any.whl", hash = "sha256:15d85396d6841f79534bf4668330b5e8686a5e58e730c84ada0e09d335b21fd1", size = 19925, upload-time = "2025-07-31T08:40:03.859Z" },
]

[[package]]
name = "docstring-parser"
version = "0.16"
source = { registry = "https://pypi.org/simple" }
sdist = { url = "https://files.pythonhosted.org/packages/08/12/9c22a58c0b1e29271051222d8906257616da84135af9ed167c9e28f85cb3/docstring_parser-0.16.tar.gz", hash = "sha256:538beabd0af1e2db0146b6bd3caa526c35a34d61af9fd2887f3a8a27a739aa6e", size = 26565, upload-time = "2024-03-15T10:39:44.419Z" }
wheels = [
    { url = "https://files.pythonhosted.org/packages/d5/7c/e9fcff7623954d86bdc17782036cbf715ecab1bec4847c008557affe1ca8/docstring_parser-0.16-py3-none-any.whl", hash = "sha256:bf0a1387354d3691d102edef7ec124f219ef639982d096e26e3b60aeffa90637", size = 36533, upload-time = "2024-03-15T10:39:41.527Z" },
]

[[package]]
name = "leashedlibrus-build-system"
version = "0.1.0"
source = { virtual = "." }
dependencies = [
    { name = "arguably" },
    { name = "tcrutils" },
    { name = "uv" },
]

[package.metadata]
requires-dist = [
    { name = "arguably", specifier = ">=1.3.0" },
    { name = "tcrutils", specifier = ">=13.1.39" },
    { name = "uv", specifier = ">=0.9.8" },
]

[[package]]
name = "pytz"
version = "2025.2"
source = { registry = "https://pypi.org/simple" }
sdist = { url = "https://files.pythonhosted.org/packages/f8/bf/abbd3cdfb8fbc7fb3d4d38d320f2441b1e7cbe29be4f23797b4a2b5d8aac/pytz-2025.2.tar.gz", hash = "sha256:360b9e3dbb49a209c21ad61809c7fb453643e048b38924c765813546746e81c3", size = 320884, upload-time = "2025-03-25T02:25:00.538Z" }
wheels = [
    { url = "https://files.pythonhosted.org/packages/81/c4/34e93fe5f5429d7570ec1fa436f1986fb1f00c3e0f43a589fe2bbcd22c3f/pytz-2025.2-py2.py3-none-any.whl", hash = "sha256:5ddf76296dd8c44c26eb8f4b6f35488f3ccbf6fbbd7adee0b7262d43f0ec2f00", size = 509225, upload-time = "2025-03-25T02:24:58.468Z" },
]

[[package]]
name = "tcrutils"
version = "13.1.39"
source = { registry = "https://pypi.org/simple" }
dependencies = [
    { name = "colored" },
    { name = "pytz" },
]
sdist = { url = "https://files.pythonhosted.org/packages/7c/42/8fbd7c2a2ce61a4a1ba33ef4eef521d5666450ef63beed0b44721c7201b9/tcrutils-13.1.39.tar.gz", hash = "sha256:6f0e2a18bb13121cf1cdd041dadbb59d0ffe32f5700c3ef053c0510c6482239d", size = 145371, upload-time = "2025-07-14T15:49:03.574Z" }
wheels = [
    { url = "https://files.pythonhosted.org/packages/7c/e2/e70abe7f3ad4f04162339f81379c0a07c7729f8f9bf9b96a3e9e804ca2fa/tcrutils-13.1.39-py3-none-any.whl", hash = "sha256:5b9add0e0e3d13ef3aabe6cc267778e49e3cb14715e70ac8a7f8499740a096ba", size = 109324, upload-time = "2025-07-14T15:49:01.864Z" },
]

[[package]]
name = "uv"
version = "0.9.8"
source = { registry = "https://pypi.org/simple" }
sdist = { url = "https://files.pythonhosted.org/packages/d7/78/291b32fdcc774b8ba4a0f4570af44af6cd34ef7385537d6521c7e3280030/uv-0.9.8.tar.gz", hash = "sha256:99b18bfe92c33c3862b65d74677697e799763e669e0064685f405e7e27517f25", size = 3709979, upload-time = "2025-11-07T20:41:33.748Z" }
wheels = [
    { url = "https://files.pythonhosted.org/packages/11/5d/4db5a4e72f70e15491ca33289092cd127d1220861bc647ebf743ea844cd7/uv-0.9.8-py3-none-linux_armv6l.whl", hash = "sha256:d93a2227d23e81ab3a16c30363559afc483e8aca40ea9343b3f326a9a41718c9", size = 20566439, upload-time = "2025-11-07T20:40:26.268Z" },
    { url = "https://files.pythonhosted.org/packages/e6/76/3ffedb2ba3adf71719996cb4c2660a333d2267503823a02e184a839e1d4e/uv-0.9.8-py3-none-macosx_10_12_x86_64.whl", hash = "sha256:7038a552159f2291dd0d1f4f66a36261b5f3ed5fcd92e2869186f8e910b2c935", size = 19705224, upload-time = "2025-11-07T20:40:31.384Z" },
    { url = "https://files.pythonhosted.org/packages/da/37/7716dd87189a6b062502ea41650eccd2473b6ee54b37cdf6e90a3b1aaa17/uv-0.9.8-py3-none-macosx_11_0_arm64.whl", hash = "sha256:9f2f3576c4518ff4f15e48dbca70585a513523c4738bc8cc2e48b20fd1190ce3", size = 18213823, upload-time = "2025-11-07T20:40:34.962Z" },
    { url = "https://files.pythonhosted.org/packages/8d/ed/7aa302fac3d6c880df6bdbba3fb6b4d8cded023b1398f99576dcb103051a/uv-0.9.8-py3-none-manylinux_2_17_aarch64.manylinux2014_aarch64.musllinux_1_1_aarch64.whl", hash = "sha256:50d130c46d97d7f10675ebea8608b7b4722c84b5745cd1bb0c8ae6d7984c05d5", size = 20090145, upload-time = "2025-11-07T20:40:38.842Z" },
    { url = "https://files.pythonhosted.org/packages/72/d2/2539fe7ecf03f5fa3dfcc4c39f59ade412bd1b8e89c9ae026b5a2d7da3dd/uv-0.9.8-py3-none-manylinux_2_17_armv7l.manylinux2014_armv7l.whl", hash = "sha256:6df2e16f6df32018047c60bab2c0284868ad5c309addba9183ea2eeb71746bf0", size = 20218906, upload-time = "2025-11-07T20:40:42.189Z" },
    { url = "https://files.pythonhosted.org/packages/f7/29/2923cd822b9a1dc9b99513a00d2102c7ef979ac3001e9541e72a1e7fca07/uv-0.9.8-py3-none-manylinux_2_17_i686.manylinux2014_i686.whl", hash = "sha256:543693def38fa41b9706aba391111fe8d9dd6be86899d76f9581faf045ac1cb6", size = 21061669, upload-time = "2025-11-07T20:40:47.663Z" },
    { url = "https://files.pythonhosted.org/packages/72/c6/46b9fe190e6fafb6bf04d870ccfd547e69aa79d0448a5c2c5799f1c0850e/uv-0.9.8-py3-none-manylinux_2_17_ppc64.manylinux2014_ppc64.whl", hash = "sha256:1b8b5bdcda3e10ea70b618d0609acddc5c725cb58d4caf933030ddedd7c2e98f", size = 22668783, upload-time = "2025-11-07T20:40:51.172Z" },
    { url = "https://files.pythonhosted.org/packages/94/80/ec48165c76f863bbfcb0721aa1543cd3e7209c0cb8fdf89fe3d4e16694e2/uv-0.9.8-py3-none-manylinux_2_17_ppc64le.manylinux2014_ppc64le.whl", hash = "sha256:a4010b3fdabbb3c4f2cf2f7aa3bf6002d00049dcbc54ce0ee5ada32a933b2290", size = 22319178, upload-time = "2025-11-07T20:40:54.719Z" },
    { url = "https://files.pythonhosted.org/packages/33/6c/2dbda528a2cd7a87a7363e8a9aad3033bff12c8b071a5e462eb852e704fd/uv-0.9.8-py3-none-manylinux_2_17_s390x.manylinux2014_s390x.whl", hash = "sha256:75671150d6eb9d5ee829e1fdb8cf86b8e44a66d27cbb996fe807e986c4107b5d", size = 21398576, upload-time = "2025-11-07T20:40:58.509Z" },
    { url = "https://files.pythonhosted.org/packages/90/66/07e7067ace0886212217380b6e809f7dd1fed3d35c34be8d02124a656b17/uv-0.9.8-py3-none-manylinux_2_17_x86_64.manylinux2014_x86_64.whl", hash = "sha256:14670bf55ecb5cfd0f3654fbf51c58a21dec3ad8ab531079b3ed8599271dc77b", size = 21346696, upload-time = "2025-11-07T20:41:01.931Z" },
    { url = "https://files.pythonhosted.org/packages/35/98/5b8fad804d17e76a2861c932009b0d34c7d5e3517923a808b168c2d92f2b/uv-0.9.8-py3-none-manylinux_2_28_aarch64.whl", hash = "sha256:40253d00c1e900a0a61b132b1e0dd4aa83575cfd5302d3671899b6de29b1ef67", size = 20159753, upload-time = "2025-11-07T20:41:05.51Z" },
    { url = "https://files.pythonhosted.org/packages/5d/e4/32b74e9246e71f27b8710ba44be6bfd8bdcf552dce211cecd4d1061705cc/uv-0.9.8-py3-none-manylinux_2_31_riscv64.whl", hash = "sha256:f52c6a99197028a314d4c1825f7ccb696eb9a88b822d2e2f17046266c75e543e", size = 21299928, upload-time = "2025-11-07T20:41:09.285Z" },
    { url = "https://files.pythonhosted.org/packages/b2/35/003035bc2da31cc9925a62b1510a821d701c117cf0327ab0a1df5c83db34/uv-0.9.8-py3-none-musllinux_1_1_armv7l.whl", hash = "sha256:5af28f1645eb3c50fd34a78508792db2d0799816f4eb5f55e1e6e2c724dfb125", size = 20170593, upload-time = "2025-11-07T20:41:12.745Z" },
    { url = "https://files.pythonhosted.org/packages/d7/b4/8c3d7afdc87ef07b51b87646a4c75ee5209b7f9f99a33d54746b7ee0f157/uv-0.9.8-py3-none-musllinux_1_1_i686.whl", hash = "sha256:cdbfadca9522422ab9820f5ada071c9c5c869bcd6fee719d20d91d5ec85b2a7d", size = 20560556, upload-time = "2025-11-07T20:41:16.85Z" },
    { url = "https://files.pythonhosted.org/packages/64/43/6045bb0b69c788620df4750de57319f56a9b5bd02eef56f28af0de25c117/uv-0.9.8-py3-none-musllinux_1_1_x86_64.whl", hash = "sha256:87c3b65b6d5fcbdeab199d54c74fbf75de19cb534a690c936c5616478a038576", size = 21530469, upload-time = "2025-11-07T20:41:20.336Z" },
    { url = "https://files.pythonhosted.org/packages/96/a4/8bb8dca265df52abc405161f918225fbf156fc3a16f380a382a5cd52f992/uv-0.9.8-py3-none-win32.whl", hash = "sha256:0f03bc413c933dbf850ad0dc2dba3df6b80c860a5c65cd767add49da19dadef0", size = 19440191, upload-time = "2025-11-07T20:41:23.612Z" },
    { url = "https://files.pythonhosted.org/packages/6c/b6/9a2ed2c1cc86b967de82c20aeee2860f8771adbcf010061359f5406a6bed/uv-0.9.8-py3-none-win_amd64.whl", hash = "sha256:6a01d7cd41953ffac583139b10ad1df004a67c0246a6b694eb5bcdbc8c99deaf", size = 21491715, upload-time = "2025-11-07T20:41:27.181Z" },
    { url = "https://files.pythonhosted.org/packages/95/77/4a8f429c8d89a17a5327e7be8a7f3b72f7422b0acccfc378d424ca6dc0c9/uv-0.9.8-py3-none-win_arm64.whl", hash = "sha256:bb0f8e83c2a2fc5a802e930cc8a7b71ab068180300a3f27ba38037f9fcb3d430", size = 19865491, upload-time = "2025-11-07T20:41:30.62Z" },
]
